
Microsoft Visual Studio Solution File, Format Version 12.00
Project("{2150E333-8FDC-42A3-9474-1A3956D46DE8}") = "src", "src", "{BB386314-B4AA-4520-A487-ED03373A0CB1}"
EndProject
Project("{2150E333-8FDC-42A3-9474-1A3956D46DE8}") = "tests", "tests", "{26E1F13D-BCA6-48F4-9388-C3FE5D905E40}"
EndProject
Project("{FAE04EC0-301F-11D3-BF4B-00C04F79EFBC}") = "TestTicTacToe.Api", "src\TestTicTacToe.Api\TestTicTacToe.Api.csproj", "{CB8E3D84-F387-4E8C-9008-F1BA24C6A527}"
EndProject
Project("{FAE04EC0-301F-11D3-BF4B-00C04F79EFBC}") = "TestTicTacToe.Domain", "src\TestTicTacToe.Domain\TestTicTacToe.Domain.csproj", "{91E3E02C-C198-4E73-AA29-BF528CD54D73}"
EndProject
Project("{FAE04EC0-301F-11D3-BF4B-00C04F79EFBC}") = "TestTicTacToe.Application", "src\TestTicTacToe.Application\TestTicTacToe.Application.csproj", "{121A289E-116E-4D47-A1E2-C8BA886A00AA}"
EndProject
Project("{FAE04EC0-301F-11D3-BF4B-00C04F79EFBC}") = "TestTicTacToe.Infrastructure", "src\TestTicTacToe.Infrastructure\TestTicTacToe.Infrastructure.csproj", "{589549A0-1D71-4F9C-803A-74600FC04EA4}"
EndProject
Project("{FAE04EC0-301F-11D3-BF4B-00C04F79EFBC}") = "TestTicTacToe.Tests.Unit", "tests\TestTicTacToe.Tests.Unit\TestTicTacToe.Tests.Unit.csproj", "{398826E6-6612-43B9-BB1B-AA98F736230C}"
EndProject
Project("{FAE04EC0-301F-11D3-BF4B-00C04F79EFBC}") = "TestTicTacToe.Tests.Integration", "tests\TestTicTacToe.Tests.Integration\TestTicTacToe.Tests.Integration.csproj", "{4EDE0589-B900-4DFD-9487-112C1CEFFF6C}"
EndProject
Global
	GlobalSection(SolutionConfigurationPlatforms) = preSolution
		Debug|Any CPU = Debug|Any CPU
		Release|Any CPU = Release|Any CPU
	EndGlobalSection
	GlobalSection(NestedProjects) = preSolution
		{CB8E3D84-F387-4E8C-9008-F1BA24C6A527} = {BB386314-B4AA-4520-A487-ED03373A0CB1}
		{91E3E02C-C198-4E73-AA29-BF528CD54D73} = {BB386314-B4AA-4520-A487-ED03373A0CB1}
		{121A289E-116E-4D47-A1E2-C8BA886A00AA} = {BB386314-B4AA-4520-A487-ED03373A0CB1}
		{589549A0-1D71-4F9C-803A-74600FC04EA4} = {BB386314-B4AA-4520-A487-ED03373A0CB1}
		{398826E6-6612-43B9-BB1B-AA98F736230C} = {26E1F13D-BCA6-48F4-9388-C3FE5D905E40}
		{4EDE0589-B900-4DFD-9487-112C1CEFFF6C} = {26E1F13D-BCA6-48F4-9388-C3FE5D905E40}
	EndGlobalSection
	GlobalSection(ProjectConfigurationPlatforms) = postSolution
		{CB8E3D84-F387-4E8C-9008-F1BA24C6A527}.Debug|Any CPU.ActiveCfg = Debug|Any CPU
		{CB8E3D84-F387-4E8C-9008-F1BA24C6A527}.Debug|Any CPU.Build.0 = Debug|Any CPU
		{CB8E3D84-F387-4E8C-9008-F1BA24C6A527}.Release|Any CPU.ActiveCfg = Release|Any CPU
		{CB8E3D84-F387-4E8C-9008-F1BA24C6A527}.Release|Any CPU.Build.0 = Release|Any CPU
		{91E3E02C-C198-4E73-AA29-BF528CD54D73}.Debug|Any CPU.ActiveCfg = Debug|Any CPU
		{91E3E02C-C198-4E73-AA29-BF528CD54D73}.Debug|Any CPU.Build.0 = Debug|Any CPU
		{91E3E02C-C198-4E73-AA29-BF528CD54D73}.Release|Any CPU.ActiveCfg = Release|Any CPU
		{91E3E02C-C198-4E73-AA29-BF528CD54D73}.Release|Any CPU.Build.0 = Release|Any CPU
		{121A289E-116E-4D47-A1E2-C8BA886A00AA}.Debug|Any CPU.ActiveCfg = Debug|Any CPU
		{121A289E-116E-4D47-A1E2-C8BA886A00AA}.Debug|Any CPU.Build.0 = Debug|Any CPU
		{121A289E-116E-4D47-A1E2-C8BA886A00AA}.Release|Any CPU.ActiveCfg = Release|Any CPU
		{121A289E-116E-4D47-A1E2-C8BA886A00AA}.Release|Any CPU.Build.0 = Release|Any CPU
		{589549A0-1D71-4F9C-803A-74600FC04EA4}.Debug|Any CPU.ActiveCfg = Debug|Any CPU
		{589549A0-1D71-4F9C-803A-74600FC04EA4}.Debug|Any CPU.Build.0 = Debug|Any CPU
		{589549A0-1D71-4F9C-803A-74600FC04EA4}.Release|Any CPU.ActiveCfg = Release|Any CPU
		{589549A0-1D71-4F9C-803A-74600FC04EA4}.Release|Any CPU.Build.0 = Release|Any CPU
		{398826E6-6612-43B9-BB1B-AA98F736230C}.Debug|Any CPU.ActiveCfg = Debug|Any CPU
		{398826E6-6612-43B9-BB1B-AA98F736230C}.Debug|Any CPU.Build.0 = Debug|Any CPU
		{398826E6-6612-43B9-BB1B-AA98F736230C}.Release|Any CPU.ActiveCfg = Release|Any CPU
		{398826E6-6612-43B9-BB1B-AA98F736230C}.Release|Any CPU.Build.0 = Release|Any CPU
		{4EDE0589-B900-4DFD-9487-112C1CEFFF6C}.Debug|Any CPU.ActiveCfg = Debug|Any CPU
		{4EDE0589-B900-4DFD-9487-112C1CEFFF6C}.Debug|Any CPU.Build.0 = Debug|Any CPU
		{4EDE0589-B900-4DFD-9487-112C1CEFFF6C}.Release|Any CPU.ActiveCfg = Release|Any CPU
		{4EDE0589-B900-4DFD-9487-112C1CEFFF6C}.Release|Any CPU.Build.0 = Release|Any CPU
	EndGlobalSection
EndGlobal
