
Microsoft Visual Studio Solution File, Format Version 12.00
Project("{2150E333-8FDC-42A3-9474-1A3956D46DE8}") = "src", "src", "{BB386314-B4AA-4520-A487-ED03373A0CB1}"
EndProject
Project("{2150E333-8FDC-42A3-9474-1A3956D46DE8}") = "tests", "tests", "{26E1F13D-BCA6-48F4-9388-C3FE5D905E40}"
EndProject
Project("{FAE04EC0-301F-11D3-BF4B-00C04F79EFBC}") = "TestTicTacToe.Tests.Unit", "tests\TestTicTacToe.Tests.Unit\TestTicTacToe.Tests.Unit.csproj", "{398826E6-6612-43B9-BB1B-AA98F736230C}"
EndProject
Project("{FAE04EC0-301F-11D3-BF4B-00C04F79EFBC}") = "TestTicTacToe.Tests.Integration", "tests\TestTicTacToe.Tests.Integration\TestTicTacToe.Tests.Integration.csproj", "{4EDE0589-B900-4DFD-9487-112C1CEFFF6C}"
EndProject
Project("{2150E333-8FDC-42A3-9474-1A3956D46DE8}") = "Modules", "Modules", "{A89A1F3B-6861-4B13-88C0-639210D63DDA}"
EndProject
Project("{FAE04EC0-301F-11D3-BF4B-00C04F79EFBC}") = "App", "src\App\App.csproj", "{36636072-D3E2-4BA5-86A8-100D789692D4}"
EndProject
Project("{2150E333-8FDC-42A3-9474-1A3956D46DE8}") = "Gaming", "Gaming", "{2188DDAA-1365-4920-839F-50826B7515A0}"
EndProject
Project("{FAE04EC0-301F-11D3-BF4B-00C04F79EFBC}") = "Gaming.Domain", "src\Modules\Gaming\Gaming.Domain\Gaming.Domain.csproj", "{2478909D-95AA-4F64-9FFD-6DDE916139BD}"
EndProject
Project("{FAE04EC0-301F-11D3-BF4B-00C04F79EFBC}") = "Gaming.Application", "src\Modules\Gaming\Gaming.Application\Gaming.Application.csproj", "{4A2D42C1-0CE2-427F-ABE9-AD5D6B92FF6B}"
EndProject
Project("{FAE04EC0-301F-11D3-BF4B-00C04F79EFBC}") = "Gaming.IntegrationEvents", "src\Modules\Gaming\Gaming.IntegrationEvents\Gaming.IntegrationEvents.csproj", "{D104C175-16F0-4477-A57B-98840FDD9C12}"
EndProject
Project("{FAE04EC0-301F-11D3-BF4B-00C04F79EFBC}") = "Gaming.Infrastructure", "src\Modules\Gaming\Gaming.Infrastructure\Gaming.Infrastructure.csproj", "{DF9EEB51-A07E-492C-80F9-B3F8630D658D}"
EndProject
Global
	GlobalSection(SolutionConfigurationPlatforms) = preSolution
		Debug|Any CPU = Debug|Any CPU
		Release|Any CPU = Release|Any CPU
	EndGlobalSection
	GlobalSection(NestedProjects) = preSolution
		{398826E6-6612-43B9-BB1B-AA98F736230C} = {26E1F13D-BCA6-48F4-9388-C3FE5D905E40}
		{4EDE0589-B900-4DFD-9487-112C1CEFFF6C} = {26E1F13D-BCA6-48F4-9388-C3FE5D905E40}
		{A89A1F3B-6861-4B13-88C0-639210D63DDA} = {BB386314-B4AA-4520-A487-ED03373A0CB1}
		{36636072-D3E2-4BA5-86A8-100D789692D4} = {BB386314-B4AA-4520-A487-ED03373A0CB1}
		{2188DDAA-1365-4920-839F-50826B7515A0} = {A89A1F3B-6861-4B13-88C0-639210D63DDA}
		{2478909D-95AA-4F64-9FFD-6DDE916139BD} = {2188DDAA-1365-4920-839F-50826B7515A0}
		{4A2D42C1-0CE2-427F-ABE9-AD5D6B92FF6B} = {2188DDAA-1365-4920-839F-50826B7515A0}
		{D104C175-16F0-4477-A57B-98840FDD9C12} = {2188DDAA-1365-4920-839F-50826B7515A0}
		{DF9EEB51-A07E-492C-80F9-B3F8630D658D} = {2188DDAA-1365-4920-839F-50826B7515A0}
	EndGlobalSection
	GlobalSection(ProjectConfigurationPlatforms) = postSolution
		{398826E6-6612-43B9-BB1B-AA98F736230C}.Debug|Any CPU.ActiveCfg = Debug|Any CPU
		{398826E6-6612-43B9-BB1B-AA98F736230C}.Debug|Any CPU.Build.0 = Debug|Any CPU
		{398826E6-6612-43B9-BB1B-AA98F736230C}.Release|Any CPU.ActiveCfg = Release|Any CPU
		{398826E6-6612-43B9-BB1B-AA98F736230C}.Release|Any CPU.Build.0 = Release|Any CPU
		{4EDE0589-B900-4DFD-9487-112C1CEFFF6C}.Debug|Any CPU.ActiveCfg = Debug|Any CPU
		{4EDE0589-B900-4DFD-9487-112C1CEFFF6C}.Debug|Any CPU.Build.0 = Debug|Any CPU
		{4EDE0589-B900-4DFD-9487-112C1CEFFF6C}.Release|Any CPU.ActiveCfg = Release|Any CPU
		{4EDE0589-B900-4DFD-9487-112C1CEFFF6C}.Release|Any CPU.Build.0 = Release|Any CPU
		{36636072-D3E2-4BA5-86A8-100D789692D4}.Debug|Any CPU.ActiveCfg = Debug|Any CPU
		{36636072-D3E2-4BA5-86A8-100D789692D4}.Debug|Any CPU.Build.0 = Debug|Any CPU
		{36636072-D3E2-4BA5-86A8-100D789692D4}.Release|Any CPU.ActiveCfg = Release|Any CPU
		{36636072-D3E2-4BA5-86A8-100D789692D4}.Release|Any CPU.Build.0 = Release|Any CPU
		{2478909D-95AA-4F64-9FFD-6DDE916139BD}.Debug|Any CPU.ActiveCfg = Debug|Any CPU
		{2478909D-95AA-4F64-9FFD-6DDE916139BD}.Debug|Any CPU.Build.0 = Debug|Any CPU
		{2478909D-95AA-4F64-9FFD-6DDE916139BD}.Release|Any CPU.ActiveCfg = Release|Any CPU
		{2478909D-95AA-4F64-9FFD-6DDE916139BD}.Release|Any CPU.Build.0 = Release|Any CPU
		{4A2D42C1-0CE2-427F-ABE9-AD5D6B92FF6B}.Debug|Any CPU.ActiveCfg = Debug|Any CPU
		{4A2D42C1-0CE2-427F-ABE9-AD5D6B92FF6B}.Debug|Any CPU.Build.0 = Debug|Any CPU
		{4A2D42C1-0CE2-427F-ABE9-AD5D6B92FF6B}.Release|Any CPU.ActiveCfg = Release|Any CPU
		{4A2D42C1-0CE2-427F-ABE9-AD5D6B92FF6B}.Release|Any CPU.Build.0 = Release|Any CPU
		{D104C175-16F0-4477-A57B-98840FDD9C12}.Debug|Any CPU.ActiveCfg = Debug|Any CPU
		{D104C175-16F0-4477-A57B-98840FDD9C12}.Debug|Any CPU.Build.0 = Debug|Any CPU
		{D104C175-16F0-4477-A57B-98840FDD9C12}.Release|Any CPU.ActiveCfg = Release|Any CPU
		{D104C175-16F0-4477-A57B-98840FDD9C12}.Release|Any CPU.Build.0 = Release|Any CPU
		{DF9EEB51-A07E-492C-80F9-B3F8630D658D}.Debug|Any CPU.ActiveCfg = Debug|Any CPU
		{DF9EEB51-A07E-492C-80F9-B3F8630D658D}.Debug|Any CPU.Build.0 = Debug|Any CPU
		{DF9EEB51-A07E-492C-80F9-B3F8630D658D}.Release|Any CPU.ActiveCfg = Release|Any CPU
		{DF9EEB51-A07E-492C-80F9-B3F8630D658D}.Release|Any CPU.Build.0 = Release|Any CPU
	EndGlobalSection
EndGlobal
