
Microsoft Visual Studio Solution File, Format Version 12.00
Project("{2150E333-8FDC-42A3-9474-1A3956D46DE8}") = "src", "src", "{BB386314-B4AA-4520-A487-ED03373A0CB1}"
EndProject
Project("{2150E333-8FDC-42A3-9474-1A3956D46DE8}") = "tests", "tests", "{26E1F13D-BCA6-48F4-9388-C3FE5D905E40}"
EndProject
Project("{FAE04EC0-301F-11D3-BF4B-00C04F79EFBC}") = "TestTicTacToe.Tests.Unit", "tests\TestTicTacToe.Tests.Unit\TestTicTacToe.Tests.Unit.csproj", "{398826E6-6612-43B9-BB1B-AA98F736230C}"
EndProject
Project("{FAE04EC0-301F-11D3-BF4B-00C04F79EFBC}") = "TestTicTacToe.Tests.Integration", "tests\TestTicTacToe.Tests.Integration\TestTicTacToe.Tests.Integration.csproj", "{4EDE0589-B900-4DFD-9487-112C1CEFFF6C}"
EndProject
Project("{2150E333-8FDC-42A3-9474-1A3956D46DE8}") = "Modules", "Modules", "{A89A1F3B-6861-4B13-88C0-639210D63DDA}"
EndProject
Project("{FAE04EC0-301F-11D3-BF4B-00C04F79EFBC}") = "App", "src\App\App.csproj", "{36636072-D3E2-4BA5-86A8-100D789692D4}"
EndProject
Project("{2150E333-8FDC-42A3-9474-1A3956D46DE8}") = "Common", "Common", "{62F8DFF9-87C9-4BCF-9386-D0CC42E9F57F}"
EndProject
Project("{FAE04EC0-301F-11D3-BF4B-00C04F79EFBC}") = "Common.Domain", "src\Modules\Common\Common.Domain\Common.Domain.csproj", "{9D64A531-33B4-4651-971F-84F28DD0695F}"
EndProject
Project("{FAE04EC0-301F-11D3-BF4B-00C04F79EFBC}") = "Common.Application", "src\Modules\Common\Common.Application\Common.Application.csproj", "{E589098C-EDB7-423E-A75C-6BF6F090591C}"
EndProject
Project("{FAE04EC0-301F-11D3-BF4B-00C04F79EFBC}") = "Common.Infrastructure", "src\Modules\Common\Common.Infrastructure\Common.Infrastructure.csproj", "{C5497ACE-0FC2-4AD0-8F2E-A3A10BD4BB1A}"
EndProject
Project("{FAE04EC0-301F-11D3-BF4B-00C04F79EFBC}") = "Common.Api", "src\Modules\Common\Common.Api\Common.Api.csproj", "{B90A353C-85EC-424F-A15B-FEA6BC6D7B12}"
EndProject
Global
	GlobalSection(SolutionConfigurationPlatforms) = preSolution
		Debug|Any CPU = Debug|Any CPU
		Release|Any CPU = Release|Any CPU
	EndGlobalSection
	GlobalSection(NestedProjects) = preSolution
		{398826E6-6612-43B9-BB1B-AA98F736230C} = {26E1F13D-BCA6-48F4-9388-C3FE5D905E40}
		{4EDE0589-B900-4DFD-9487-112C1CEFFF6C} = {26E1F13D-BCA6-48F4-9388-C3FE5D905E40}
		{A89A1F3B-6861-4B13-88C0-639210D63DDA} = {BB386314-B4AA-4520-A487-ED03373A0CB1}
		{36636072-D3E2-4BA5-86A8-100D789692D4} = {BB386314-B4AA-4520-A487-ED03373A0CB1}
		{62F8DFF9-87C9-4BCF-9386-D0CC42E9F57F} = {A89A1F3B-6861-4B13-88C0-639210D63DDA}
		{9D64A531-33B4-4651-971F-84F28DD0695F} = {62F8DFF9-87C9-4BCF-9386-D0CC42E9F57F}
		{E589098C-EDB7-423E-A75C-6BF6F090591C} = {62F8DFF9-87C9-4BCF-9386-D0CC42E9F57F}
		{C5497ACE-0FC2-4AD0-8F2E-A3A10BD4BB1A} = {62F8DFF9-87C9-4BCF-9386-D0CC42E9F57F}
		{B90A353C-85EC-424F-A15B-FEA6BC6D7B12} = {62F8DFF9-87C9-4BCF-9386-D0CC42E9F57F}
	EndGlobalSection
	GlobalSection(ProjectConfigurationPlatforms) = postSolution
		{398826E6-6612-43B9-BB1B-AA98F736230C}.Debug|Any CPU.ActiveCfg = Debug|Any CPU
		{398826E6-6612-43B9-BB1B-AA98F736230C}.Debug|Any CPU.Build.0 = Debug|Any CPU
		{398826E6-6612-43B9-BB1B-AA98F736230C}.Release|Any CPU.ActiveCfg = Release|Any CPU
		{398826E6-6612-43B9-BB1B-AA98F736230C}.Release|Any CPU.Build.0 = Release|Any CPU
		{4EDE0589-B900-4DFD-9487-112C1CEFFF6C}.Debug|Any CPU.ActiveCfg = Debug|Any CPU
		{4EDE0589-B900-4DFD-9487-112C1CEFFF6C}.Debug|Any CPU.Build.0 = Debug|Any CPU
		{4EDE0589-B900-4DFD-9487-112C1CEFFF6C}.Release|Any CPU.ActiveCfg = Release|Any CPU
		{4EDE0589-B900-4DFD-9487-112C1CEFFF6C}.Release|Any CPU.Build.0 = Release|Any CPU
		{36636072-D3E2-4BA5-86A8-100D789692D4}.Debug|Any CPU.ActiveCfg = Debug|Any CPU
		{36636072-D3E2-4BA5-86A8-100D789692D4}.Debug|Any CPU.Build.0 = Debug|Any CPU
		{36636072-D3E2-4BA5-86A8-100D789692D4}.Release|Any CPU.ActiveCfg = Release|Any CPU
		{36636072-D3E2-4BA5-86A8-100D789692D4}.Release|Any CPU.Build.0 = Release|Any CPU
		{9D64A531-33B4-4651-971F-84F28DD0695F}.Debug|Any CPU.ActiveCfg = Debug|Any CPU
		{9D64A531-33B4-4651-971F-84F28DD0695F}.Debug|Any CPU.Build.0 = Debug|Any CPU
		{9D64A531-33B4-4651-971F-84F28DD0695F}.Release|Any CPU.ActiveCfg = Release|Any CPU
		{9D64A531-33B4-4651-971F-84F28DD0695F}.Release|Any CPU.Build.0 = Release|Any CPU
		{E589098C-EDB7-423E-A75C-6BF6F090591C}.Debug|Any CPU.ActiveCfg = Debug|Any CPU
		{E589098C-EDB7-423E-A75C-6BF6F090591C}.Debug|Any CPU.Build.0 = Debug|Any CPU
		{E589098C-EDB7-423E-A75C-6BF6F090591C}.Release|Any CPU.ActiveCfg = Release|Any CPU
		{E589098C-EDB7-423E-A75C-6BF6F090591C}.Release|Any CPU.Build.0 = Release|Any CPU
		{C5497ACE-0FC2-4AD0-8F2E-A3A10BD4BB1A}.Debug|Any CPU.ActiveCfg = Debug|Any CPU
		{C5497ACE-0FC2-4AD0-8F2E-A3A10BD4BB1A}.Debug|Any CPU.Build.0 = Debug|Any CPU
		{C5497ACE-0FC2-4AD0-8F2E-A3A10BD4BB1A}.Release|Any CPU.ActiveCfg = Release|Any CPU
		{C5497ACE-0FC2-4AD0-8F2E-A3A10BD4BB1A}.Release|Any CPU.Build.0 = Release|Any CPU
		{B90A353C-85EC-424F-A15B-FEA6BC6D7B12}.Debug|Any CPU.ActiveCfg = Debug|Any CPU
		{B90A353C-85EC-424F-A15B-FEA6BC6D7B12}.Debug|Any CPU.Build.0 = Debug|Any CPU
		{B90A353C-85EC-424F-A15B-FEA6BC6D7B12}.Release|Any CPU.ActiveCfg = Release|Any CPU
		{B90A353C-85EC-424F-A15B-FEA6BC6D7B12}.Release|Any CPU.Build.0 = Release|Any CPU
	EndGlobalSection
EndGlobal
